
Microsoft Visual Studio Solution File, Format Version 12.00
# Visual Studio Version 16
VisualStudioVersion = 16.0.30011.22
MinimumVisualStudioVersion = 10.0.40219.1
Project("{FAE04EC0-301F-11D3-BF4B-00C04F79EFBC}") = "Lab10ex1", "Lab10ex1\Lab10ex1.csproj", "{4FA9E75B-31F9-4F38-AAB9-B090E5648291}"
EndProject
Global
	GlobalSection(SolutionConfigurationPlatforms) = preSolution
		Debug|Any CPU = Debug|Any CPU
		Release|Any CPU = Release|Any CPU
	EndGlobalSection
	GlobalSection(ProjectConfigurationPlatforms) = postSolution
		{4FA9E75B-31F9-4F38-AAB9-B090E5648291}.Debug|Any CPU.ActiveCfg = Debug|Any CPU
		{4FA9E75B-31F9-4F38-AAB9-B090E5648291}.Debug|Any CPU.Build.0 = Debug|Any CPU
		{4FA9E75B-31F9-4F38-AAB9-B090E5648291}.Release|Any CPU.ActiveCfg = Release|Any CPU
		{4FA9E75B-31F9-4F38-AAB9-B090E5648291}.Release|Any CPU.Build.0 = Release|Any CPU
	EndGlobalSection
	GlobalSection(SolutionProperties) = preSolution
		HideSolutionNode = FALSE
	EndGlobalSection
	GlobalSection(ExtensibilityGlobals) = postSolution
		SolutionGuid = {8586B92E-1C9E-4D49-B2E4-38C02C36E5D3}
	EndGlobalSection
EndGlobal
